
Microsoft Visual Studio Solution File, Format Version 12.00
# Visual Studio Version 16
VisualStudioVersion = 16.0.30204.135
MinimumVisualStudioVersion = 10.0.40219.1
Project("{FAE04EC0-301F-11D3-BF4B-00C04F79EFBC}") = "CarPool-SharePoint-CSOM", "CarPool-SharePoint-CSOM\CarPool-SharePoint-CSOM.csproj", "{570FAD26-FB7C-46CF-99EB-CFD72999FE26}"
EndProject
Project("{FAE04EC0-301F-11D3-BF4B-00C04F79EFBC}") = "CarPool-SharePoint-CSOM.Models", "CarPool-SharePoint-CSOM.Models\CarPool-SharePoint-CSOM.Models.csproj", "{79AD3E6F-5835-40B4-93D0-FAB61D264C61}"
EndProject
Project("{FAE04EC0-301F-11D3-BF4B-00C04F79EFBC}") = "CarPool-SharePoint-CSOM.Services", "CarPool-SharePoint-CSOM.Services\CarPool-SharePoint-CSOM.Services.csproj", "{FE4BC9F4-4621-411E-A447-480CA4F49B88}"
EndProject
Global
	GlobalSection(SolutionConfigurationPlatforms) = preSolution
		Debug|Any CPU = Debug|Any CPU
		Release|Any CPU = Release|Any CPU
	EndGlobalSection
	GlobalSection(ProjectConfigurationPlatforms) = postSolution
		{570FAD26-FB7C-46CF-99EB-CFD72999FE26}.Debug|Any CPU.ActiveCfg = Debug|Any CPU
		{570FAD26-FB7C-46CF-99EB-CFD72999FE26}.Debug|Any CPU.Build.0 = Debug|Any CPU
		{570FAD26-FB7C-46CF-99EB-CFD72999FE26}.Release|Any CPU.ActiveCfg = Release|Any CPU
		{570FAD26-FB7C-46CF-99EB-CFD72999FE26}.Release|Any CPU.Build.0 = Release|Any CPU
		{79AD3E6F-5835-40B4-93D0-FAB61D264C61}.Debug|Any CPU.ActiveCfg = Debug|Any CPU
		{79AD3E6F-5835-40B4-93D0-FAB61D264C61}.Debug|Any CPU.Build.0 = Debug|Any CPU
		{79AD3E6F-5835-40B4-93D0-FAB61D264C61}.Release|Any CPU.ActiveCfg = Release|Any CPU
		{79AD3E6F-5835-40B4-93D0-FAB61D264C61}.Release|Any CPU.Build.0 = Release|Any CPU
		{FE4BC9F4-4621-411E-A447-480CA4F49B88}.Debug|Any CPU.ActiveCfg = Debug|Any CPU
		{FE4BC9F4-4621-411E-A447-480CA4F49B88}.Debug|Any CPU.Build.0 = Debug|Any CPU
		{FE4BC9F4-4621-411E-A447-480CA4F49B88}.Release|Any CPU.ActiveCfg = Release|Any CPU
		{FE4BC9F4-4621-411E-A447-480CA4F49B88}.Release|Any CPU.Build.0 = Release|Any CPU
	EndGlobalSection
	GlobalSection(SolutionProperties) = preSolution
		HideSolutionNode = FALSE
	EndGlobalSection
	GlobalSection(ExtensibilityGlobals) = postSolution
		SolutionGuid = {C588A4A1-7A6E-469A-BD8A-B4F5BC016EF9}
	EndGlobalSection
EndGlobal
